// !$*UTF8*$!
{
	archiveVersion = 1;
	classes = {
	};
	objectVersion = 50;
	objects = {

/* Begin PBXBuildFile section */
		D527651F260BCC9700896C45 /* MoviesApp.swift in Sources */ = {isa = PBXBuildFile; fileRef = D527651E260BCC9700896C45 /* MoviesApp.swift */; };
		D5276521260BCC9700896C45 /* ContentView.swift in Sources */ = {isa = PBXBuildFile; fileRef = D5276520260BCC9700896C45 /* ContentView.swift */; };
		D5276523260BCC9800896C45 /* Assets.xcassets in Resources */ = {isa = PBXBuildFile; fileRef = D5276522260BCC9800896C45 /* Assets.xcassets */; };
		D5276526260BCC9800896C45 /* Preview Assets.xcassets in Resources */ = {isa = PBXBuildFile; fileRef = D5276525260BCC9800896C45 /* Preview Assets.xcassets */; };
		D5276542260BDE3A00896C45 /* Movie.swift in Sources */ = {isa = PBXBuildFile; fileRef = D5276541260BDE3A00896C45 /* Movie.swift */; };
		D5276545260BE06600896C45 /* ModelData.swift in Sources */ = {isa = PBXBuildFile; fileRef = D5276544260BE06600896C45 /* ModelData.swift */; };
		D5361920260FBB1800ADBA6B /* PosterNoted.swift in Sources */ = {isa = PBXBuildFile; fileRef = D536191F260FBB1800ADBA6B /* PosterNoted.swift */; };
		D5361923260FBB6700ADBA6B /* Rating.swift in Sources */ = {isa = PBXBuildFile; fileRef = D5361922260FBB6700ADBA6B /* Rating.swift */; };
		D5361926260FBFD500ADBA6B /* Colors.xcassets in Resources */ = {isa = PBXBuildFile; fileRef = D5361925260FBFD500ADBA6B /* Colors.xcassets */; };
		D536192A260FC2E100ADBA6B /* colors.swift in Sources */ = {isa = PBXBuildFile; fileRef = D5361929260FC2E100ADBA6B /* colors.swift */; };
		D536192F260FC5C800ADBA6B /* fonts.swift in Sources */ = {isa = PBXBuildFile; fileRef = D536192E260FC5C800ADBA6B /* fonts.swift */; };
		D538681E260FD0DF00345E3C /* ImageData.swift in Sources */ = {isa = PBXBuildFile; fileRef = D538681D260FD0DF00345E3C /* ImageData.swift */; };
		D5386823260FD4D300345E3C /* Home.swift in Sources */ = {isa = PBXBuildFile; fileRef = D5386822260FD4D300345E3C /* Home.swift */; };
		D5386826260FD56100345E3C /* movies.json in Resources */ = {isa = PBXBuildFile; fileRef = D5386825260FD56100345E3C /* movies.json */; };
		D5386831260FD9E400345E3C /* HomeSection.swift in Sources */ = {isa = PBXBuildFile; fileRef = D5386830260FD9E400345E3C /* HomeSection.swift */; };
		D5BBE5C42610B98700FFF2BE /* Poster.swift in Sources */ = {isa = PBXBuildFile; fileRef = D5BBE5C32610B98700FFF2BE /* Poster.swift */; };
/* End PBXBuildFile section */

/* Begin PBXFileReference section */
		D527651B260BCC9700896C45 /* Movies.app */ = {isa = PBXFileReference; explicitFileType = wrapper.application; includeInIndex = 0; path = Movies.app; sourceTree = BUILT_PRODUCTS_DIR; };
		D527651E260BCC9700896C45 /* MoviesApp.swift */ = {isa = PBXFileReference; lastKnownFileType = sourcecode.swift; path = MoviesApp.swift; sourceTree = "<group>"; };
		D5276520260BCC9700896C45 /* ContentView.swift */ = {isa = PBXFileReference; lastKnownFileType = sourcecode.swift; path = ContentView.swift; sourceTree = "<group>"; };
		D5276522260BCC9800896C45 /* Assets.xcassets */ = {isa = PBXFileReference; lastKnownFileType = folder.assetcatalog; path = Assets.xcassets; sourceTree = "<group>"; };
		D5276525260BCC9800896C45 /* Preview Assets.xcassets */ = {isa = PBXFileReference; lastKnownFileType = folder.assetcatalog; path = "Preview Assets.xcassets"; sourceTree = "<group>"; };
		D5276527260BCC9800896C45 /* Info.plist */ = {isa = PBXFileReference; lastKnownFileType = text.plist.xml; path = Info.plist; sourceTree = "<group>"; };
		D5276541260BDE3A00896C45 /* Movie.swift */ = {isa = PBXFileReference; lastKnownFileType = sourcecode.swift; path = Movie.swift; sourceTree = "<group>"; };
		D5276544260BE06600896C45 /* ModelData.swift */ = {isa = PBXFileReference; lastKnownFileType = sourcecode.swift; path = ModelData.swift; sourceTree = "<group>"; };
		D536191F260FBB1800ADBA6B /* PosterNoted.swift */ = {isa = PBXFileReference; lastKnownFileType = sourcecode.swift; path = PosterNoted.swift; sourceTree = "<group>"; };
		D5361922260FBB6700ADBA6B /* Rating.swift */ = {isa = PBXFileReference; lastKnownFileType = sourcecode.swift; path = Rating.swift; sourceTree = "<group>"; };
		D5361925260FBFD500ADBA6B /* Colors.xcassets */ = {isa = PBXFileReference; lastKnownFileType = folder.assetcatalog; path = Colors.xcassets; sourceTree = "<group>"; };
		D5361929260FC2E100ADBA6B /* colors.swift */ = {isa = PBXFileReference; lastKnownFileType = sourcecode.swift; path = colors.swift; sourceTree = "<group>"; };
		D536192E260FC5C800ADBA6B /* fonts.swift */ = {isa = PBXFileReference; lastKnownFileType = sourcecode.swift; path = fonts.swift; sourceTree = "<group>"; };
		D538681D260FD0DF00345E3C /* ImageData.swift */ = {isa = PBXFileReference; lastKnownFileType = sourcecode.swift; path = ImageData.swift; sourceTree = "<group>"; };
		D5386822260FD4D300345E3C /* Home.swift */ = {isa = PBXFileReference; lastKnownFileType = sourcecode.swift; path = Home.swift; sourceTree = "<group>"; };
		D5386825260FD56100345E3C /* movies.json */ = {isa = PBXFileReference; lastKnownFileType = text.json; path = movies.json; sourceTree = "<group>"; };
		D5386830260FD9E400345E3C /* HomeSection.swift */ = {isa = PBXFileReference; lastKnownFileType = sourcecode.swift; path = HomeSection.swift; sourceTree = "<group>"; };
		D5BBE5C32610B98700FFF2BE /* Poster.swift */ = {isa = PBXFileReference; lastKnownFileType = sourcecode.swift; path = Poster.swift; sourceTree = "<group>"; };
/* End PBXFileReference section */

/* Begin PBXFrameworksBuildPhase section */
		D5276518260BCC9700896C45 /* Frameworks */ = {
			isa = PBXFrameworksBuildPhase;
			buildActionMask = 2147483647;
			files = (
			);
			runOnlyForDeploymentPostprocessing = 0;
		};
/* End PBXFrameworksBuildPhase section */

/* Begin PBXGroup section */
		D5276512260BCC9700896C45 = {
			isa = PBXGroup;
			children = (
				D527651D260BCC9700896C45 /* Movies */,
				D527651C260BCC9700896C45 /* Products */,
			);
			sourceTree = "<group>";
		};
		D527651C260BCC9700896C45 /* Products */ = {
			isa = PBXGroup;
			children = (
				D527651B260BCC9700896C45 /* Movies.app */,
			);
			name = Products;
			sourceTree = "<group>";
		};
		D527651D260BCC9700896C45 /* Movies */ = {
			isa = PBXGroup;
			children = (
				D538681C260FD0CE00345E3C /* Bindings */,
				D536192D260FC5A600ADBA6B /* Theming */,
				D527651E260BCC9700896C45 /* MoviesApp.swift */,
				D5276547260BE58C00896C45 /* Views */,
				D527654A260BE5BE00896C45 /* Model */,
				D5276549260BE5B100896C45 /* Resources */,
				D5276522260BCC9800896C45 /* Assets.xcassets */,
				D5361925260FBFD500ADBA6B /* Colors.xcassets */,
				D5276527260BCC9800896C45 /* Info.plist */,
				D5276524260BCC9800896C45 /* Preview Content */,
			);
			path = Movies;
			sourceTree = "<group>";
		};
		D5276524260BCC9800896C45 /* Preview Content */ = {
			isa = PBXGroup;
			children = (
				D5276525260BCC9800896C45 /* Preview Assets.xcassets */,
			);
			path = "Preview Content";
			sourceTree = "<group>";
		};
		D5276547260BE58C00896C45 /* Views */ = {
			isa = PBXGroup;
			children = (
				D5276520260BCC9700896C45 /* ContentView.swift */,
				D5ACFBA8260D2D14007F8B3E /* components */,
				D5386821260FD4B700345E3C /* screens */,
			);
			path = Views;
			sourceTree = "<group>";
		};
		D5276549260BE5B100896C45 /* Resources */ = {
			isa = PBXGroup;
			children = (
				D5386825260FD56100345E3C /* movies.json */,
			);
			path = Resources;
			sourceTree = "<group>";
		};
		D527654A260BE5BE00896C45 /* Model */ = {
			isa = PBXGroup;
			children = (
				D5276541260BDE3A00896C45 /* Movie.swift */,
			);
			path = Model;
			sourceTree = "<group>";
		};
		D536192D260FC5A600ADBA6B /* Theming */ = {
			isa = PBXGroup;
			children = (
				D5361929260FC2E100ADBA6B /* colors.swift */,
				D536192E260FC5C800ADBA6B /* fonts.swift */,
			);
			path = Theming;
			sourceTree = "<group>";
		};
		D538681C260FD0CE00345E3C /* Bindings */ = {
			isa = PBXGroup;
			children = (
				D5276544260BE06600896C45 /* ModelData.swift */,
				D538681D260FD0DF00345E3C /* ImageData.swift */,
			);
			path = Bindings;
			sourceTree = "<group>";
		};
		D5386821260FD4B700345E3C /* screens */ = {
			isa = PBXGroup;
			children = (
				D5386822260FD4D300345E3C /* Home.swift */,
			);
			path = screens;
			sourceTree = "<group>";
		};
		D538682F260FD9D500345E3C /* home */ = {
			isa = PBXGroup;
			children = (
				D5386830260FD9E400345E3C /* HomeSection.swift */,
			);
			path = home;
			sourceTree = "<group>";
		};
		D5ACFBA8260D2D14007F8B3E /* components */ = {
			isa = PBXGroup;
			children = (
				D538682F260FD9D500345E3C /* home */,
				D536191F260FBB1800ADBA6B /* PosterNoted.swift */,
				D5361922260FBB6700ADBA6B /* Rating.swift */,
				D5BBE5C32610B98700FFF2BE /* Poster.swift */,
			);
			path = components;
			sourceTree = "<group>";
		};
/* End PBXGroup section */

/* Begin PBXNativeTarget section */
		D527651A260BCC9700896C45 /* Movies */ = {
			isa = PBXNativeTarget;
			buildConfigurationList = D527652A260BCC9800896C45 /* Build configuration list for PBXNativeTarget "Movies" */;
			buildPhases = (
				D5276517260BCC9700896C45 /* Sources */,
				D5276518260BCC9700896C45 /* Frameworks */,
				D5276519260BCC9700896C45 /* Resources */,
			);
			buildRules = (
			);
			dependencies = (
			);
			name = Movies;
			productName = Movies;
			productReference = D527651B260BCC9700896C45 /* Movies.app */;
			productType = "com.apple.product-type.application";
		};
/* End PBXNativeTarget section */

/* Begin PBXProject section */
		D5276513260BCC9700896C45 /* Project object */ = {
			isa = PBXProject;
			attributes = {
				LastSwiftUpdateCheck = 1240;
				LastUpgradeCheck = 1240;
				TargetAttributes = {
					D527651A260BCC9700896C45 = {
						CreatedOnToolsVersion = 12.4;
					};
				};
			};
			buildConfigurationList = D5276516260BCC9700896C45 /* Build configuration list for PBXProject "Movies" */;
			compatibilityVersion = "Xcode 9.3";
			developmentRegion = en;
			hasScannedForEncodings = 0;
			knownRegions = (
				en,
				Base,
			);
			mainGroup = D5276512260BCC9700896C45;
			productRefGroup = D527651C260BCC9700896C45 /* Products */;
			projectDirPath = "";
			projectRoot = "";
			targets = (
				D527651A260BCC9700896C45 /* Movies */,
			);
		};
/* End PBXProject section */

/* Begin PBXResourcesBuildPhase section */
		D5276519260BCC9700896C45 /* Resources */ = {
			isa = PBXResourcesBuildPhase;
			buildActionMask = 2147483647;
			files = (
				D5276526260BCC9800896C45 /* Preview Assets.xcassets in Resources */,
				D5361926260FBFD500ADBA6B /* Colors.xcassets in Resources */,
				D5386826260FD56100345E3C /* movies.json in Resources */,
				D5276523260BCC9800896C45 /* Assets.xcassets in Resources */,
			);
			runOnlyForDeploymentPostprocessing = 0;
		};
/* End PBXResourcesBuildPhase section */

/* Begin PBXSourcesBuildPhase section */
		D5276517260BCC9700896C45 /* Sources */ = {
			isa = PBXSourcesBuildPhase;
			buildActionMask = 2147483647;
			files = (
				D5276521260BCC9700896C45 /* ContentView.swift in Sources */,
				D5386831260FD9E400345E3C /* HomeSection.swift in Sources */,
				D536192F260FC5C800ADBA6B /* fonts.swift in Sources */,
				D5BBE5C42610B98700FFF2BE /* Poster.swift in Sources */,
				D527651F260BCC9700896C45 /* MoviesApp.swift in Sources */,
				D536192A260FC2E100ADBA6B /* colors.swift in Sources */,
				D5386823260FD4D300345E3C /* Home.swift in Sources */,
				D538681E260FD0DF00345E3C /* ImageData.swift in Sources */,
				D5276542260BDE3A00896C45 /* Movie.swift in Sources */,
				D5361920260FBB1800ADBA6B /* PosterNoted.swift in Sources */,
				D5276545260BE06600896C45 /* ModelData.swift in Sources */,
				D5361923260FBB6700ADBA6B /* Rating.swift in Sources */,
			);
			runOnlyForDeploymentPostprocessing = 0;
		};
/* End PBXSourcesBuildPhase section */

/* Begin XCBuildConfiguration section */
		D5276528260BCC9800896C45 /* Debug */ = {
			isa = XCBuildConfiguration;
			buildSettings = {
				ALWAYS_SEARCH_USER_PATHS = NO;
				CLANG_ANALYZER_NONNULL = YES;
				CLANG_ANALYZER_NUMBER_OBJECT_CONVERSION = YES_AGGRESSIVE;
				CLANG_CXX_LANGUAGE_STANDARD = "gnu++14";
				CLANG_CXX_LIBRARY = "libc++";
				CLANG_ENABLE_MODULES = YES;
				CLANG_ENABLE_OBJC_ARC = YES;
				CLANG_ENABLE_OBJC_WEAK = YES;
				CLANG_WARN_BLOCK_CAPTURE_AUTORELEASING = YES;
				CLANG_WARN_BOOL_CONVERSION = YES;
				CLANG_WARN_COMMA = YES;
				CLANG_WARN_CONSTANT_CONVERSION = YES;
				CLANG_WARN_DEPRECATED_OBJC_IMPLEMENTATIONS = YES;
				CLANG_WARN_DIRECT_OBJC_ISA_USAGE = YES_ERROR;
				CLANG_WARN_DOCUMENTATION_COMMENTS = YES;
				CLANG_WARN_EMPTY_BODY = YES;
				CLANG_WARN_ENUM_CONVERSION = YES;
				CLANG_WARN_INFINITE_RECURSION = YES;
				CLANG_WARN_INT_CONVERSION = YES;
				CLANG_WARN_NON_LITERAL_NULL_CONVERSION = YES;
				CLANG_WARN_OBJC_IMPLICIT_RETAIN_SELF = YES;
				CLANG_WARN_OBJC_LITERAL_CONVERSION = YES;
				CLANG_WARN_OBJC_ROOT_CLASS = YES_ERROR;
				CLANG_WARN_QUOTED_INCLUDE_IN_FRAMEWORK_HEADER = YES;
				CLANG_WARN_RANGE_LOOP_ANALYSIS = YES;
				CLANG_WARN_STRICT_PROTOTYPES = YES;
				CLANG_WARN_SUSPICIOUS_MOVE = YES;
				CLANG_WARN_UNGUARDED_AVAILABILITY = YES_AGGRESSIVE;
				CLANG_WARN_UNREACHABLE_CODE = YES;
				CLANG_WARN__DUPLICATE_METHOD_MATCH = YES;
				COPY_PHASE_STRIP = NO;
				DEBUG_INFORMATION_FORMAT = dwarf;
				ENABLE_STRICT_OBJC_MSGSEND = YES;
				ENABLE_TESTABILITY = YES;
				GCC_C_LANGUAGE_STANDARD = gnu11;
				GCC_DYNAMIC_NO_PIC = NO;
				GCC_NO_COMMON_BLOCKS = YES;
				GCC_OPTIMIZATION_LEVEL = 0;
				GCC_PREPROCESSOR_DEFINITIONS = (
					"DEBUG=1",
					"$(inherited)",
				);
				GCC_WARN_64_TO_32_BIT_CONVERSION = YES;
				GCC_WARN_ABOUT_RETURN_TYPE = YES_ERROR;
				GCC_WARN_UNDECLARED_SELECTOR = YES;
				GCC_WARN_UNINITIALIZED_AUTOS = YES_AGGRESSIVE;
				GCC_WARN_UNUSED_FUNCTION = YES;
				GCC_WARN_UNUSED_VARIABLE = YES;
				IPHONEOS_DEPLOYMENT_TARGET = 14.4;
				MTL_ENABLE_DEBUG_INFO = INCLUDE_SOURCE;
				MTL_FAST_MATH = YES;
				ONLY_ACTIVE_ARCH = YES;
				SDKROOT = iphoneos;
				SWIFT_ACTIVE_COMPILATION_CONDITIONS = DEBUG;
				SWIFT_OPTIMIZATION_LEVEL = "-Onone";
			};
			name = Debug;
		};
		D5276529260BCC9800896C45 /* Release */ = {
			isa = XCBuildConfiguration;
			buildSettings = {
				ALWAYS_SEARCH_USER_PATHS = NO;
				CLANG_ANALYZER_NONNULL = YES;
				CLANG_ANALYZER_NUMBER_OBJECT_CONVERSION = YES_AGGRESSIVE;
				CLANG_CXX_LANGUAGE_STANDARD = "gnu++14";
				CLANG_CXX_LIBRARY = "libc++";
				CLANG_ENABLE_MODULES = YES;
				CLANG_ENABLE_OBJC_ARC = YES;
				CLANG_ENABLE_OBJC_WEAK = YES;
				CLANG_WARN_BLOCK_CAPTURE_AUTORELEASING = YES;
				CLANG_WARN_BOOL_CONVERSION = YES;
				CLANG_WARN_COMMA = YES;
				CLANG_WARN_CONSTANT_CONVERSION = YES;
				CLANG_WARN_DEPRECATED_OBJC_IMPLEMENTATIONS = YES;
				CLANG_WARN_DIRECT_OBJC_ISA_USAGE = YES_ERROR;
				CLANG_WARN_DOCUMENTATION_COMMENTS = YES;
				CLANG_WARN_EMPTY_BODY = YES;
				CLANG_WARN_ENUM_CONVERSION = YES;
				CLANG_WARN_INFINITE_RECURSION = YES;
				CLANG_WARN_INT_CONVERSION = YES;
				CLANG_WARN_NON_LITERAL_NULL_CONVERSION = YES;
				CLANG_WARN_OBJC_IMPLICIT_RETAIN_SELF = YES;
				CLANG_WARN_OBJC_LITERAL_CONVERSION = YES;
				CLANG_WARN_OBJC_ROOT_CLASS = YES_ERROR;
				CLANG_WARN_QUOTED_INCLUDE_IN_FRAMEWORK_HEADER = YES;
				CLANG_WARN_RANGE_LOOP_ANALYSIS = YES;
				CLANG_WARN_STRICT_PROTOTYPES = YES;
				CLANG_WARN_SUSPICIOUS_MOVE = YES;
				CLANG_WARN_UNGUARDED_AVAILABILITY = YES_AGGRESSIVE;
				CLANG_WARN_UNREACHABLE_CODE = YES;
				CLANG_WARN__DUPLICATE_METHOD_MATCH = YES;
				COPY_PHASE_STRIP = NO;
				DEBUG_INFORMATION_FORMAT = "dwarf-with-dsym";
				ENABLE_NS_ASSERTIONS = NO;
				ENABLE_STRICT_OBJC_MSGSEND = YES;
				GCC_C_LANGUAGE_STANDARD = gnu11;
				GCC_NO_COMMON_BLOCKS = YES;
				GCC_WARN_64_TO_32_BIT_CONVERSION = YES;
				GCC_WARN_ABOUT_RETURN_TYPE = YES_ERROR;
				GCC_WARN_UNDECLARED_SELECTOR = YES;
				GCC_WARN_UNINITIALIZED_AUTOS = YES_AGGRESSIVE;
				GCC_WARN_UNUSED_FUNCTION = YES;
				GCC_WARN_UNUSED_VARIABLE = YES;
				IPHONEOS_DEPLOYMENT_TARGET = 14.4;
				MTL_ENABLE_DEBUG_INFO = NO;
				MTL_FAST_MATH = YES;
				SDKROOT = iphoneos;
				SWIFT_COMPILATION_MODE = wholemodule;
				SWIFT_OPTIMIZATION_LEVEL = "-O";
				VALIDATE_PRODUCT = YES;
			};
			name = Release;
		};
		D527652B260BCC9800896C45 /* Debug */ = {
			isa = XCBuildConfiguration;
			buildSettings = {
				ASSETCATALOG_COMPILER_APPICON_NAME = AppIcon;
				ASSETCATALOG_COMPILER_GLOBAL_ACCENT_COLOR_NAME = AccentColor;
				CODE_SIGN_STYLE = Automatic;
				DEVELOPMENT_ASSET_PATHS = "\"Movies/Preview Content\"";
				ENABLE_PREVIEWS = YES;
				INFOPLIST_FILE = Movies/Info.plist;
				IPHONEOS_DEPLOYMENT_TARGET = 14.0;
				LD_RUNPATH_SEARCH_PATHS = (
					"$(inherited)",
					"@executable_path/Frameworks",
				);
				PRODUCT_BUNDLE_IDENTIFIER = com.paligot.Movies;
				PRODUCT_NAME = "$(TARGET_NAME)";
				SWIFT_VERSION = 5.0;
				TARGETED_DEVICE_FAMILY = "1,2";
			};
			name = Debug;
		};
		D527652C260BCC9800896C45 /* Release */ = {
			isa = XCBuildConfiguration;
			buildSettings = {
				ASSETCATALOG_COMPILER_APPICON_NAME = AppIcon;
				ASSETCATALOG_COMPILER_GLOBAL_ACCENT_COLOR_NAME = AccentColor;
				CODE_SIGN_STYLE = Automatic;
				DEVELOPMENT_ASSET_PATHS = "\"Movies/Preview Content\"";
				ENABLE_PREVIEWS = YES;
				INFOPLIST_FILE = Movies/Info.plist;
				IPHONEOS_DEPLOYMENT_TARGET = 14.0;
				LD_RUNPATH_SEARCH_PATHS = (
					"$(inherited)",
					"@executable_path/Frameworks",
				);
				PRODUCT_BUNDLE_IDENTIFIER = com.paligot.Movies;
				PRODUCT_NAME = "$(TARGET_NAME)";
				SWIFT_VERSION = 5.0;
				TARGETED_DEVICE_FAMILY = "1,2";
			};
			name = Release;
		};
/* End XCBuildConfiguration section */

/* Begin XCConfigurationList section */
		D5276516260BCC9700896C45 /* Build configuration list for PBXProject "Movies" */ = {
			isa = XCConfigurationList;
			buildConfigurations = (
				D5276528260BCC9800896C45 /* Debug */,
				D5276529260BCC9800896C45 /* Release */,
			);
			defaultConfigurationIsVisible = 0;
			defaultConfigurationName = Release;
		};
		D527652A260BCC9800896C45 /* Build configuration list for PBXNativeTarget "Movies" */ = {
			isa = XCConfigurationList;
			buildConfigurations = (
				D527652B260BCC9800896C45 /* Debug */,
				D527652C260BCC9800896C45 /* Release */,
			);
			defaultConfigurationIsVisible = 0;
			defaultConfigurationName = Release;
		};
/* End XCConfigurationList section */
	};
	rootObject = D5276513260BCC9700896C45 /* Project object */;
}
